
Microsoft Visual Studio Solution File, Format Version 12.00
# Visual Studio Version 17
VisualStudioVersion = 17.5.33502.453
MinimumVisualStudioVersion = 10.0.40219.1
Project("{FAE04EC0-301F-11D3-BF4B-00C04F79EFBC}") = "RxGenericTestSpike.Tests", "RxGenericTestSpike.Tests\RxGenericTestSpike.Tests.csproj", "{F9A5411A-B04C-490C-97E6-E85C6E4B53C9}"
EndProject
Project("{FAE04EC0-301F-11D3-BF4B-00C04F79EFBC}") = "RxGenericTestSpike.SharedTests", "RxGenericTestSpike.SharedTests\RxGenericTestSpike.SharedTests.csproj", "{AD2D9FB8-15B4-41CB-8FD5-8508722F7601}"
EndProject
Global
	GlobalSection(SolutionConfigurationPlatforms) = preSolution
		Debug|Any CPU = Debug|Any CPU
		Release|Any CPU = Release|Any CPU
	EndGlobalSection
	GlobalSection(ProjectConfigurationPlatforms) = postSolution
		{F9A5411A-B04C-490C-97E6-E85C6E4B53C9}.Debug|Any CPU.ActiveCfg = Debug|Any CPU
		{F9A5411A-B04C-490C-97E6-E85C6E4B53C9}.Debug|Any CPU.Build.0 = Debug|Any CPU
		{F9A5411A-B04C-490C-97E6-E85C6E4B53C9}.Release|Any CPU.ActiveCfg = Release|Any CPU
		{F9A5411A-B04C-490C-97E6-E85C6E4B53C9}.Release|Any CPU.Build.0 = Release|Any CPU
		{AD2D9FB8-15B4-41CB-8FD5-8508722F7601}.Debug|Any CPU.ActiveCfg = Debug|Any CPU
		{AD2D9FB8-15B4-41CB-8FD5-8508722F7601}.Debug|Any CPU.Build.0 = Debug|Any CPU
		{AD2D9FB8-15B4-41CB-8FD5-8508722F7601}.Release|Any CPU.ActiveCfg = Release|Any CPU
		{AD2D9FB8-15B4-41CB-8FD5-8508722F7601}.Release|Any CPU.Build.0 = Release|Any CPU
	EndGlobalSection
	GlobalSection(SolutionProperties) = preSolution
		HideSolutionNode = FALSE
	EndGlobalSection
	GlobalSection(ExtensibilityGlobals) = postSolution
		SolutionGuid = {587296A8-F997-401F-9556-DDA56CF71129}
	EndGlobalSection
EndGlobal
